PODS:
  - Realm (10.36.0):
    - Realm/Headers (= 10.36.0)
  - Realm/Headers (10.36.0)
  - RealmSwift (10.36.0):
    - Realm (= 10.36.0)
  - SwiftyJSON (4.3.0)

DEPENDENCIES:
  - RealmSwift
  - SwiftyJSON (~> 4.0)

SPEC REPOS:
  trunk:
    - Realm
    - RealmSwift
    - SwiftyJSON

SPEC CHECKSUMS:
  Realm: 3fd136cb4c83a927482a7f1612496d37beed3cf5
  RealmSwift: 513d4dcbf5bfc4d573454088b592685fc48dd716
  SwiftyJSON: 6faa0040f8b59dead0ee07436cbf76b73c08fd08

PODFILE CHECKSUM: 3b9cbe6222177f4ae08f0bf67f8c99efa496b521

COCOAPODS: 1.11.3
